
Microsoft Visual Studio Solution File, Format Version 12.00
# Visual Studio Version 16
VisualStudioVersion = 16.0.30523.141
MinimumVisualStudioVersion = 10.0.40219.1
Project("{9A19103F-16F7-4668-BE54-9A1E7A4F7556}") = "BLL", "BLL\BLL.csproj", "{CA4AC397-A55A-4534-A82B-4AE8BF79B843}"
EndProject
Project("{9A19103F-16F7-4668-BE54-9A1E7A4F7556}") = "AutofacAspNetCore3_0", "AutofacAspNetCore3_0\AutofacAspNetCore3_0.csproj", "{35D62811-A87F-43B5-89FD-AC935801352B}"
EndProject
Global
	GlobalSection(SolutionConfigurationPlatforms) = preSolution
		Debug|Any CPU = Debug|Any CPU
		Release|Any CPU = Release|Any CPU
	EndGlobalSection
	GlobalSection(ProjectConfigurationPlatforms) = postSolution
		{CA4AC397-A55A-4534-A82B-4AE8BF79B843}.Debug|Any CPU.ActiveCfg = Debug|Any CPU
		{CA4AC397-A55A-4534-A82B-4AE8BF79B843}.Debug|Any CPU.Build.0 = Debug|Any CPU
		{CA4AC397-A55A-4534-A82B-4AE8BF79B843}.Release|Any CPU.ActiveCfg = Release|Any CPU
		{CA4AC397-A55A-4534-A82B-4AE8BF79B843}.Release|Any CPU.Build.0 = Release|Any CPU
		{35D62811-A87F-43B5-89FD-AC935801352B}.Debug|Any CPU.ActiveCfg = Debug|Any CPU
		{35D62811-A87F-43B5-89FD-AC935801352B}.Debug|Any CPU.Build.0 = Debug|Any CPU
		{35D62811-A87F-43B5-89FD-AC935801352B}.Release|Any CPU.ActiveCfg = Release|Any CPU
		{35D62811-A87F-43B5-89FD-AC935801352B}.Release|Any CPU.Build.0 = Release|Any CPU
	EndGlobalSection
	GlobalSection(SolutionProperties) = preSolution
		HideSolutionNode = FALSE
	EndGlobalSection
	GlobalSection(ExtensibilityGlobals) = postSolution
		SolutionGuid = {9CEF09D7-190D-4C7F-9326-E87FFD3903ED}
	EndGlobalSection
EndGlobal
